
Microsoft Visual Studio Solution File, Format Version 12.00
# Visual Studio 14
VisualStudioVersion = 14.0.24720.0
MinimumVisualStudioVersion = 10.0.40219.1
Project("{FAE04EC0-301F-11D3-BF4B-00C04F79EFBC}") = "Demo", "Demo\Demo.csproj", "{35E852AA-A028-4CD7-9928-02C2A798E7D3}"
EndProject
Project("{FAE04EC0-301F-11D3-BF4B-00C04F79EFBC}") = "Client", "Client\Client.csproj", "{164741A6-1FE0-43F8-B1A2-352931BA810D}"
EndProject
Project("{FAE04EC0-301F-11D3-BF4B-00C04F79EFBC}") = "Model", "Model\Model.csproj", "{7DA08C1B-9BC6-41FC-A4A7-3D48F5F61982}"
EndProject
Project("{FAE04EC0-301F-11D3-BF4B-00C04F79EFBC}") = "Test", "Test\Test.csproj", "{BFAC2DE5-89D5-4CD9-9433-3A1FC001435F}"
EndProject
Global
	GlobalSection(SolutionConfigurationPlatforms) = preSolution
		Debug|Any CPU = Debug|Any CPU
		Release|Any CPU = Release|Any CPU
	EndGlobalSection
	GlobalSection(ProjectConfigurationPlatforms) = postSolution
		{35E852AA-A028-4CD7-9928-02C2A798E7D3}.Debug|Any CPU.ActiveCfg = Debug|Any CPU
		{35E852AA-A028-4CD7-9928-02C2A798E7D3}.Debug|Any CPU.Build.0 = Debug|Any CPU
		{35E852AA-A028-4CD7-9928-02C2A798E7D3}.Release|Any CPU.ActiveCfg = Release|Any CPU
		{35E852AA-A028-4CD7-9928-02C2A798E7D3}.Release|Any CPU.Build.0 = Release|Any CPU
		{164741A6-1FE0-43F8-B1A2-352931BA810D}.Debug|Any CPU.ActiveCfg = Debug|Any CPU
		{164741A6-1FE0-43F8-B1A2-352931BA810D}.Debug|Any CPU.Build.0 = Debug|Any CPU
		{164741A6-1FE0-43F8-B1A2-352931BA810D}.Release|Any CPU.ActiveCfg = Release|Any CPU
		{164741A6-1FE0-43F8-B1A2-352931BA810D}.Release|Any CPU.Build.0 = Release|Any CPU
		{7DA08C1B-9BC6-41FC-A4A7-3D48F5F61982}.Debug|Any CPU.ActiveCfg = Debug|Any CPU
		{7DA08C1B-9BC6-41FC-A4A7-3D48F5F61982}.Debug|Any CPU.Build.0 = Debug|Any CPU
		{7DA08C1B-9BC6-41FC-A4A7-3D48F5F61982}.Release|Any CPU.ActiveCfg = Release|Any CPU
		{7DA08C1B-9BC6-41FC-A4A7-3D48F5F61982}.Release|Any CPU.Build.0 = Release|Any CPU
		{BFAC2DE5-89D5-4CD9-9433-3A1FC001435F}.Debug|Any CPU.ActiveCfg = Debug|Any CPU
		{BFAC2DE5-89D5-4CD9-9433-3A1FC001435F}.Debug|Any CPU.Build.0 = Debug|Any CPU
		{BFAC2DE5-89D5-4CD9-9433-3A1FC001435F}.Release|Any CPU.ActiveCfg = Release|Any CPU
		{BFAC2DE5-89D5-4CD9-9433-3A1FC001435F}.Release|Any CPU.Build.0 = Release|Any CPU
	EndGlobalSection
	GlobalSection(SolutionProperties) = preSolution
		HideSolutionNode = FALSE
	EndGlobalSection
EndGlobal
